
Microsoft Visual Studio Solution File, Format Version 12.00
# Visual Studio Version 16
VisualStudioVersion = 16.0.31105.61
MinimumVisualStudioVersion = 10.0.40219.1
Project("{FAE04EC0-301F-11D3-BF4B-00C04F79EFBC}") = "Trackmania.Helper", "Trackmania.Helper\Trackmania.Helper.csproj", "{468D3C5F-FE6E-4FC2-B141-23391432011E}"
EndProject
Global
	GlobalSection(SolutionConfigurationPlatforms) = preSolution
		Debug|Any CPU = Debug|Any CPU
		Release|Any CPU = Release|Any CPU
	EndGlobalSection
	GlobalSection(ProjectConfigurationPlatforms) = postSolution
		{468D3C5F-FE6E-4FC2-B141-23391432011E}.Debug|Any CPU.ActiveCfg = Debug|Any CPU
		{468D3C5F-FE6E-4FC2-B141-23391432011E}.Debug|Any CPU.Build.0 = Debug|Any CPU
		{468D3C5F-FE6E-4FC2-B141-23391432011E}.Release|Any CPU.ActiveCfg = Release|Any CPU
		{468D3C5F-FE6E-4FC2-B141-23391432011E}.Release|Any CPU.Build.0 = Release|Any CPU
	EndGlobalSection
	GlobalSection(SolutionProperties) = preSolution
		HideSolutionNode = FALSE
	EndGlobalSection
	GlobalSection(ExtensibilityGlobals) = postSolution
		SolutionGuid = {036DAEB7-0ECB-45F2-B2C1-1A7486FD8E39}
	EndGlobalSection
EndGlobal
